
Microsoft Visual Studio Solution File, Format Version 12.00
# Visual Studio Version 17
VisualStudioVersion = 17.3.32922.545
MinimumVisualStudioVersion = 10.0.40219.1
Project("{FAE04EC0-301F-11D3-BF4B-00C04F79EFBC}") = "FigurasCuartoSistematico", "FigurasCuartoSistematico\FigurasCuartoSistematico.csproj", "{9BAD5EAB-8033-4F96-A192-EC0DD10DD58D}"
EndProject
Global
	GlobalSection(SolutionConfigurationPlatforms) = preSolution
		Debug|Any CPU = Debug|Any CPU
		Release|Any CPU = Release|Any CPU
	EndGlobalSection
	GlobalSection(ProjectConfigurationPlatforms) = postSolution
		{9BAD5EAB-8033-4F96-A192-EC0DD10DD58D}.Debug|Any CPU.ActiveCfg = Debug|Any CPU
		{9BAD5EAB-8033-4F96-A192-EC0DD10DD58D}.Debug|Any CPU.Build.0 = Debug|Any CPU
		{9BAD5EAB-8033-4F96-A192-EC0DD10DD58D}.Release|Any CPU.ActiveCfg = Release|Any CPU
		{9BAD5EAB-8033-4F96-A192-EC0DD10DD58D}.Release|Any CPU.Build.0 = Release|Any CPU
	EndGlobalSection
	GlobalSection(SolutionProperties) = preSolution
		HideSolutionNode = FALSE
	EndGlobalSection
	GlobalSection(ExtensibilityGlobals) = postSolution
		SolutionGuid = {06D88CF3-04FE-4A53-ADC8-8C75FF64EBE5}
	EndGlobalSection
EndGlobal
